
Microsoft Visual Studio Solution File, Format Version 12.00
# Visual Studio Version 17
VisualStudioVersion = 17.9.34607.119
MinimumVisualStudioVersion = 10.0.40219.1
Project("{FAE04EC0-301F-11D3-BF4B-00C04F79EFBC}") = "TashiroCannon", "TashiroCannon\TashiroCannon.csproj", "{A8D4031A-CBE7-4C4A-8068-BC2787840D7C}"
EndProject
Global
	GlobalSection(SolutionConfigurationPlatforms) = preSolution
		Debug|Any CPU = Debug|Any CPU
		Release|Any CPU = Release|Any CPU
	EndGlobalSection
	GlobalSection(ProjectConfigurationPlatforms) = postSolution
		{A8D4031A-CBE7-4C4A-8068-BC2787840D7C}.Debug|Any CPU.ActiveCfg = Debug|Any CPU
		{A8D4031A-CBE7-4C4A-8068-BC2787840D7C}.Debug|Any CPU.Build.0 = Debug|Any CPU
		{A8D4031A-CBE7-4C4A-8068-BC2787840D7C}.Release|Any CPU.ActiveCfg = Release|Any CPU
		{A8D4031A-CBE7-4C4A-8068-BC2787840D7C}.Release|Any CPU.Build.0 = Release|Any CPU
	EndGlobalSection
	GlobalSection(SolutionProperties) = preSolution
		HideSolutionNode = FALSE
	EndGlobalSection
	GlobalSection(ExtensibilityGlobals) = postSolution
		SolutionGuid = {C52F10B2-147F-437B-B6F4-C415F2E264C5}
	EndGlobalSection
EndGlobal
